// !$*UTF8*$!
{
	archiveVersion = 1;
	classes = {
	};
	objectVersion = 46;
	objects = {

/* Begin PBXBuildFile section */
		6C0E285B1AEFBE7C0064053F /* eegModels.json in Resources */ = {isa = PBXBuildFile; fileRef = 6C0E285A1AEFBE7C0064053F /* eegModels.json */; };
		6C0E285D1AEFBF140064053F /* EEGModelsManager.swift in Sources */ = {isa = PBXBuildFile; fileRef = 6C0E285C1AEFBF140064053F /* EEGModelsManager.swift */; };
		6C47F9461ADBFBDA0075C411 /* realTimeStaticPlot.swift in Sources */ = {isa = PBXBuildFile; fileRef = 6C47F9451ADBFBDA0075C411 /* realTimeStaticPlot.swift */; };
		6C47F9511ADC077E0075C411 /* realTimeStaticSubPlot.swift in Sources */ = {isa = PBXBuildFile; fileRef = 6C47F9501ADC077E0075C411 /* realTimeStaticSubPlot.swift */; };
		6C47F9531ADC313A0075C411 /* PlotsViewController.swift in Sources */ = {isa = PBXBuildFile; fileRef = 6C47F9521ADC313A0075C411 /* PlotsViewController.swift */; };
		6C6489571B0F60E300C02F16 /* EEGRealTimeStaticPlot.swift in Sources */ = {isa = PBXBuildFile; fileRef = 6C6489561B0F60E300C02F16 /* EEGRealTimeStaticPlot.swift */; };
		6C8F3FB51AD4AB37006576CF /* GBCPlot.swift in Sources */ = {isa = PBXBuildFile; fileRef = 6C8F3FB41AD4AB37006576CF /* GBCPlot.swift */; };
		6CA8F3B31ACC980D001C89DC /* AppDelegate.swift in Sources */ = {isa = PBXBuildFile; fileRef = 6CA8F3B21ACC980D001C89DC /* AppDelegate.swift */; };
		6CA8F3B61ACC980D001C89DC /* GBCTestingCorePlotAndSwift.xcdatamodeld in Sources */ = {isa = PBXBuildFile; fileRef = 6CA8F3B41ACC980D001C89DC /* GBCTestingCorePlotAndSwift.xcdatamodeld */; };
		6CA8F3B81ACC980D001C89DC /* ViewController.swift in Sources */ = {isa = PBXBuildFile; fileRef = 6CA8F3B71ACC980D001C89DC /* ViewController.swift */; };
		6CA8F3BB1ACC980D001C89DC /* Main.storyboard in Resources */ = {isa = PBXBuildFile; fileRef = 6CA8F3B91ACC980D001C89DC /* Main.storyboard */; };
		6CA8F3BD1ACC980D001C89DC /* Images.xcassets in Resources */ = {isa = PBXBuildFile; fileRef = 6CA8F3BC1ACC980D001C89DC /* Images.xcassets */; };
		6CA8F3C01ACC980D001C89DC /* LaunchScreen.xib in Resources */ = {isa = PBXBuildFile; fileRef = 6CA8F3BE1ACC980D001C89DC /* LaunchScreen.xib */; };
		6CA8F3CC1ACC980D001C89DC /* GBCTestingCorePlotAndSwiftTests.swift in Sources */ = {isa = PBXBuildFile; fileRef = 6CA8F3CB1ACC980D001C89DC /* GBCTestingCorePlotAndSwiftTests.swift */; };
		6CA8F3ED1ACCA75A001C89DC /* libCorePlot-CocoaTouch.a in Frameworks */ = {isa = PBXBuildFile; fileRef = 6CA8F3EA1ACCA673001C89DC /* libCorePlot-CocoaTouch.a */; };
		6CA8F3EF1ACCA805001C89DC /* QuartzCore.framework in Frameworks */ = {isa = PBXBuildFile; fileRef = 6CA8F3EE1ACCA805001C89DC /* QuartzCore.framework */; };
		6CA8F3F11ACCA80B001C89DC /* Accelerate.framework in Frameworks */ = {isa = PBXBuildFile; fileRef = 6CA8F3F01ACCA80B001C89DC /* Accelerate.framework */; };
		6CA9F5371AEF0B70004F239B /* EEGModel.swift in Sources */ = {isa = PBXBuildFile; fileRef = 6CA9F5361AEF0B6F004F239B /* EEGModel.swift */; };
/* End PBXBuildFile section */

/* Begin PBXContainerItemProxy section */
		6CA8F3C61ACC980D001C89DC /* PBXContainerItemProxy */ = {
			isa = PBXContainerItemProxy;
			containerPortal = 6CA8F3A51ACC980D001C89DC /* Project object */;
			proxyType = 1;
			remoteGlobalIDString = 6CA8F3AC1ACC980D001C89DC;
			remoteInfo = GBCTestingCorePlotAndSwift;
		};
		6CA8F3E11ACCA673001C89DC /* PBXContainerItemProxy */ = {
			isa = PBXContainerItemProxy;
			containerPortal = 6CA8F3D51ACCA672001C89DC /* CorePlot.xcodeproj */;
			proxyType = 2;
			remoteGlobalIDString = 8DC2EF5B0486A6940098B216;
			remoteInfo = CorePlot;
		};
		6CA8F3E31ACCA673001C89DC /* PBXContainerItemProxy */ = {
			isa = PBXContainerItemProxy;
			containerPortal = 6CA8F3D51ACCA672001C89DC /* CorePlot.xcodeproj */;
			proxyType = 2;
			remoteGlobalIDString = 0730F600109492D800E95162;
			remoteInfo = UnitTests;
		};
		6CA8F3E51ACCA673001C89DC /* PBXContainerItemProxy */ = {
			isa = PBXContainerItemProxy;
			containerPortal = 6CA8F3D51ACCA672001C89DC /* CorePlot.xcodeproj */;
			proxyType = 2;
			remoteGlobalIDString = C38A09781A46185200D45436;
			remoteInfo = CorePlot_iOS;
		};
		6CA8F3E71ACCA673001C89DC /* PBXContainerItemProxy */ = {
			isa = PBXContainerItemProxy;
			containerPortal = 6CA8F3D51ACCA672001C89DC /* CorePlot.xcodeproj */;
			proxyType = 2;
			remoteGlobalIDString = C38A09821A46185300D45436;
			remoteInfo = CorePlot_iOSTests;
		};
		6CA8F3E91ACCA673001C89DC /* PBXContainerItemProxy */ = {
			isa = PBXContainerItemProxy;
			containerPortal = 6CA8F3D51ACCA672001C89DC /* CorePlot.xcodeproj */;
			proxyType = 2;
			remoteGlobalIDString = C38A09BA1A4619A900D45436;
			remoteInfo = "CorePlot-CocoaTouch";
		};
		6CA8F3EB1ACCA673001C89DC /* PBXContainerItemProxy */ = {
			isa = PBXContainerItemProxy;
			containerPortal = 6CA8F3D51ACCA672001C89DC /* CorePlot.xcodeproj */;
			proxyType = 2;
			remoteGlobalIDString = C38A09C41A4619A900D45436;
			remoteInfo = "CorePlot-CocoaTouchTests";
		};
/* End PBXContainerItemProxy section */

/* Begin PBXFileReference section */
		6C0E285A1AEFBE7C0064053F /* eegModels.json */ = {isa = PBXFileReference; fileEncoding = 4; lastKnownFileType = text.json; path = eegModels.json; sourceTree = "<group>"; };
		6C0E285C1AEFBF140064053F /* EEGModelsManager.swift */ = {isa = PBXFileReference; fileEncoding = 4; lastKnownFileType = sourcecode.swift; path = EEGModelsManager.swift; sourceTree = "<group>"; };
		6C47F9451ADBFBDA0075C411 /* realTimeStaticPlot.swift */ = {isa = PBXFileReference; fileEncoding = 4; lastKnownFileType = sourcecode.swift; name = realTimeStaticPlot.swift; path = ../realTimeStaticPlot.swift; sourceTree = "<group>"; };
		6C47F9501ADC077E0075C411 /* realTimeStaticSubPlot.swift */ = {isa = PBXFileReference; fileEncoding = 4; lastKnownFileType = sourcecode.swift; path = realTimeStaticSubPlot.swift; sourceTree = "<group>"; };
		6C47F9521ADC313A0075C411 /* PlotsViewController.swift */ = {isa = PBXFileReference; fileEncoding = 4; lastKnownFileType = sourcecode.swift; path = PlotsViewController.swift; sourceTree = "<group>"; };
		6C6489561B0F60E300C02F16 /* EEGRealTimeStaticPlot.swift */ = {isa = PBXFileReference; fileEncoding = 4; lastKnownFileType = sourcecode.swift; path = EEGRealTimeStaticPlot.swift; sourceTree = "<group>"; };
		6C8F3FB41AD4AB37006576CF /* GBCPlot.swift */ = {isa = PBXFileReference; fileEncoding = 4; lastKnownFileType = sourcecode.swift; name = GBCPlot.swift; path = ../GBCPlot.swift; sourceTree = "<group>"; };
		6CA8F3AD1ACC980D001C89DC /* GBCTestingCorePlotAndSwift.app */ = {isa = PBXFileReference; explicitFileType = wrapper.application; includeInIndex = 0; path = GBCTestingCorePlotAndSwift.app; sourceTree = BUILT_PRODUCTS_DIR; };
		6CA8F3B11ACC980D001C89DC /* Info.plist */ = {isa = PBXFileReference; lastKnownFileType = text.plist.xml; path = Info.plist; sourceTree = "<group>"; };
		6CA8F3B21ACC980D001C89DC /* AppDelegate.swift */ = {isa = PBXFileReference; lastKnownFileType = sourcecode.swift; path = AppDelegate.swift; sourceTree = "<group>"; };
		6CA8F3B51ACC980D001C89DC /* GBCTestingCorePlotAndSwift.xcdatamodel */ = {isa = PBXFileReference; lastKnownFileType = wrapper.xcdatamodel; path = GBCTestingCorePlotAndSwift.xcdatamodel; sourceTree = "<group>"; };
		6CA8F3B71ACC980D001C89DC /* ViewController.swift */ = {isa = PBXFileReference; lastKnownFileType = sourcecode.swift; path = ViewController.swift; sourceTree = "<group>"; };
		6CA8F3BA1ACC980D001C89DC /* Base */ = {isa = PBXFileReference; lastKnownFileType = file.storyboard; name = Base; path = Base.lproj/Main.storyboard; sourceTree = "<group>"; };
		6CA8F3BC1ACC980D001C89DC /* Images.xcassets */ = {isa = PBXFileReference; lastKnownFileType = folder.assetcatalog; path = Images.xcassets; sourceTree = "<group>"; };
		6CA8F3BF1ACC980D001C89DC /* Base */ = {isa = PBXFileReference; lastKnownFileType = file.xib; name = Base; path = Base.lproj/LaunchScreen.xib; sourceTree = "<group>"; };
		6CA8F3C51ACC980D001C89DC /* GBCTestingCorePlotAndSwiftTests.xctest */ = {isa = PBXFileReference; explicitFileType = wrapper.cfbundle; includeInIndex = 0; path = GBCTestingCorePlotAndSwiftTests.xctest; sourceTree = BUILT_PRODUCTS_DIR; };
		6CA8F3CA1ACC980D001C89DC /* Info.plist */ = {isa = PBXFileReference; lastKnownFileType = text.plist.xml; path = Info.plist; sourceTree = "<group>"; };
		6CA8F3CB1ACC980D001C89DC /* GBCTestingCorePlotAndSwiftTests.swift */ = {isa = PBXFileReference; lastKnownFileType = sourcecode.swift; path = GBCTestingCorePlotAndSwiftTests.swift; sourceTree = "<group>"; };
		6CA8F3D51ACCA672001C89DC /* CorePlot.xcodeproj */ = {isa = PBXFileReference; lastKnownFileType = "wrapper.pb-project"; name = CorePlot.xcodeproj; path = "../../../repos/core-plot/framework/CorePlot.xcodeproj"; sourceTree = "<group>"; };
		6CA8F3EE1ACCA805001C89DC /* QuartzCore.framework */ = {isa = PBXFileReference; lastKnownFileType = wrapper.framework; name = QuartzCore.framework; path = System/Library/Frameworks/QuartzCore.framework; sourceTree = SDKROOT; };
		6CA8F3F01ACCA80B001C89DC /* Accelerate.framework */ = {isa = PBXFileReference; lastKnownFileType = wrapper.framework; name = Accelerate.framework; path = System/Library/Frameworks/Accelerate.framework; sourceTree = SDKROOT; };
		6CA9F5361AEF0B6F004F239B /* EEGModel.swift */ = {isa = PBXFileReference; fileEncoding = 4; lastKnownFileType = sourcecode.swift; name = EEGModel.swift; path = ../EEGModel.swift; sourceTree = "<group>"; };
		6CFD12411ACCAF8100CE3961 /* TestingCorePlotAndSwift-Bridging-Header.h */ = {isa = PBXFileReference; lastKnownFileType = sourcecode.c.h; path = "TestingCorePlotAndSwift-Bridging-Header.h"; sourceTree = "<group>"; };
/* End PBXFileReference section */

/* Begin PBXFrameworksBuildPhase section */
		6CA8F3AA1ACC980D001C89DC /* Frameworks */ = {
			isa = PBXFrameworksBuildPhase;
			buildActionMask = 2147483647;
			files = (
				6CA8F3F11ACCA80B001C89DC /* Accelerate.framework in Frameworks */,
				6CA8F3EF1ACCA805001C89DC /* QuartzCore.framework in Frameworks */,
				6CA8F3ED1ACCA75A001C89DC /* libCorePlot-CocoaTouch.a in Frameworks */,
			);
			runOnlyForDeploymentPostprocessing = 0;
		};
		6CA8F3C21ACC980D001C89DC /* Frameworks */ = {
			isa = PBXFrameworksBuildPhase;
			buildActionMask = 2147483647;
			files = (
			);
			runOnlyForDeploymentPostprocessing = 0;
		};
/* End PBXFrameworksBuildPhase section */

/* Begin PBXGroup section */
		6C0E28561AEFBAE30064053F /* viewControllers */ = {
			isa = PBXGroup;
			children = (
				6C47F9521ADC313A0075C411 /* PlotsViewController.swift */,
				6CA8F3B71ACC980D001C89DC /* ViewController.swift */,
			);
			name = viewControllers;
			sourceTree = "<group>";
		};
		6C0E28571AEFBB110064053F /* Plots */ = {
			isa = PBXGroup;
			children = (
				6C8F3FB41AD4AB37006576CF /* GBCPlot.swift */,
				6C6489561B0F60E300C02F16 /* EEGRealTimeStaticPlot.swift */,
				6C47F9451ADBFBDA0075C411 /* realTimeStaticPlot.swift */,
				6C47F9501ADC077E0075C411 /* realTimeStaticSubPlot.swift */,
			);
			name = Plots;
			sourceTree = "<group>";
		};
		6C0E28581AEFBB980064053F /* Model */ = {
			isa = PBXGroup;
			children = (
				6C0E285A1AEFBE7C0064053F /* eegModels.json */,
				6CA9F5361AEF0B6F004F239B /* EEGModel.swift */,
				6C0E285C1AEFBF140064053F /* EEGModelsManager.swift */,
			);
			name = Model;
			sourceTree = "<group>";
		};
		6C0E28591AEFBBAD0064053F /* Storyboards */ = {
			isa = PBXGroup;
			children = (
				6CA8F3BE1ACC980D001C89DC /* LaunchScreen.xib */,
				6CA8F3B91ACC980D001C89DC /* Main.storyboard */,
			);
			name = Storyboards;
			sourceTree = "<group>";
		};
		6CA8F3A41ACC980D001C89DC = {
			isa = PBXGroup;
			children = (
				6CA8F3F01ACCA80B001C89DC /* Accelerate.framework */,
				6CA8F3EE1ACCA805001C89DC /* QuartzCore.framework */,
				6CA8F3D51ACCA672001C89DC /* CorePlot.xcodeproj */,
				6CA8F3AF1ACC980D001C89DC /* GBCTestingCorePlotAndSwift */,
				6CA8F3C81ACC980D001C89DC /* GBCTestingCorePlotAndSwiftTests */,
				6CA8F3AE1ACC980D001C89DC /* Products */,
			);
			sourceTree = "<group>";
		};
		6CA8F3AE1ACC980D001C89DC /* Products */ = {
			isa = PBXGroup;
			children = (
				6CA8F3AD1ACC980D001C89DC /* GBCTestingCorePlotAndSwift.app */,
				6CA8F3C51ACC980D001C89DC /* GBCTestingCorePlotAndSwiftTests.xctest */,
			);
			name = Products;
			sourceTree = "<group>";
		};
		6CA8F3AF1ACC980D001C89DC /* GBCTestingCorePlotAndSwift */ = {
			isa = PBXGroup;
			children = (
				6C0E28591AEFBBAD0064053F /* Storyboards */,
				6C0E28581AEFBB980064053F /* Model */,
				6C0E28571AEFBB110064053F /* Plots */,
				6C0E28561AEFBAE30064053F /* viewControllers */,
				6CA8F3B21ACC980D001C89DC /* AppDelegate.swift */,
				6CFD12401ACCAF1800CE3961 /* Other Sources */,
				6CA8F3BC1ACC980D001C89DC /* Images.xcassets */,
				6CA8F3B41ACC980D001C89DC /* GBCTestingCorePlotAndSwift.xcdatamodeld */,
				6CA8F3B01ACC980D001C89DC /* Supporting Files */,
			);
			path = GBCTestingCorePlotAndSwift;
			sourceTree = "<group>";
		};
		6CA8F3B01ACC980D001C89DC /* Supporting Files */ = {
			isa = PBXGroup;
			children = (
				6CA8F3B11ACC980D001C89DC /* Info.plist */,
			);
			name = "Supporting Files";
			sourceTree = "<group>";
		};
		6CA8F3C81ACC980D001C89DC /* GBCTestingCorePlotAndSwiftTests */ = {
			isa = PBXGroup;
			children = (
				6CA8F3CB1ACC980D001C89DC /* GBCTestingCorePlotAndSwiftTests.swift */,
				6CA8F3C91ACC980D001C89DC /* Supporting Files */,
			);
			path = GBCTestingCorePlotAndSwiftTests;
			sourceTree = "<group>";
		};
		6CA8F3C91ACC980D001C89DC /* Supporting Files */ = {
			isa = PBXGroup;
			children = (
				6CA8F3CA1ACC980D001C89DC /* Info.plist */,
			);
			name = "Supporting Files";
			sourceTree = "<group>";
		};
		6CA8F3D61ACCA672001C89DC /* Products */ = {
			isa = PBXGroup;
			children = (
				6CA8F3E21ACCA673001C89DC /* CorePlot.framework */,
				6CA8F3E41ACCA673001C89DC /* UnitTests.xctest */,
				6CA8F3E61ACCA673001C89DC /* CorePlot_iOS.framework */,
				6CA8F3E81ACCA673001C89DC /* CorePlot_iOSTests.xctest */,
				6CA8F3EA1ACCA673001C89DC /* libCorePlot-CocoaTouch.a */,
				6CA8F3EC1ACCA673001C89DC /* CorePlot-CocoaTouchTests.xctest */,
			);
			name = Products;
			sourceTree = "<group>";
		};
		6CFD12401ACCAF1800CE3961 /* Other Sources */ = {
			isa = PBXGroup;
			children = (
				6CFD12411ACCAF8100CE3961 /* TestingCorePlotAndSwift-Bridging-Header.h */,
			);
			name = "Other Sources";
			sourceTree = "<group>";
		};
/* End PBXGroup section */

/* Begin PBXNativeTarget section */
		6CA8F3AC1ACC980D001C89DC /* GBCTestingCorePlotAndSwift */ = {
			isa = PBXNativeTarget;
			buildConfigurationList = 6CA8F3CF1ACC980D001C89DC /* Build configuration list for PBXNativeTarget "GBCTestingCorePlotAndSwift" */;
			buildPhases = (
				6CA8F3A91ACC980D001C89DC /* Sources */,
				6CA8F3AA1ACC980D001C89DC /* Frameworks */,
				6CA8F3AB1ACC980D001C89DC /* Resources */,
			);
			buildRules = (
			);
			dependencies = (
			);
			name = GBCTestingCorePlotAndSwift;
			productName = GBCTestingCorePlotAndSwift;
			productReference = 6CA8F3AD1ACC980D001C89DC /* GBCTestingCorePlotAndSwift.app */;
			productType = "com.apple.product-type.application";
		};
		6CA8F3C41ACC980D001C89DC /* GBCTestingCorePlotAndSwiftTests */ = {
			isa = PBXNativeTarget;
			buildConfigurationList = 6CA8F3D21ACC980D001C89DC /* Build configuration list for PBXNativeTarget "GBCTestingCorePlotAndSwiftTests" */;
			buildPhases = (
				6CA8F3C11ACC980D001C89DC /* Sources */,
				6CA8F3C21ACC980D001C89DC /* Frameworks */,
				6CA8F3C31ACC980D001C89DC /* Resources */,
			);
			buildRules = (
			);
			dependencies = (
				6CA8F3C71ACC980D001C89DC /* PBXTargetDependency */,
			);
			name = GBCTestingCorePlotAndSwiftTests;
			productName = GBCTestingCorePlotAndSwiftTests;
			productReference = 6CA8F3C51ACC980D001C89DC /* GBCTestingCorePlotAndSwiftTests.xctest */;
			productType = "com.apple.product-type.bundle.unit-test";
		};
/* End PBXNativeTarget section */

/* Begin PBXProject section */
		6CA8F3A51ACC980D001C89DC /* Project object */ = {
			isa = PBXProject;
			attributes = {
				LastUpgradeCheck = 0630;
				ORGANIZATIONNAME = gibicgroup;
				TargetAttributes = {
					6CA8F3AC1ACC980D001C89DC = {
						CreatedOnToolsVersion = 6.3;
					};
					6CA8F3C41ACC980D001C89DC = {
						CreatedOnToolsVersion = 6.3;
						TestTargetID = 6CA8F3AC1ACC980D001C89DC;
					};
				};
			};
			buildConfigurationList = 6CA8F3A81ACC980D001C89DC /* Build configuration list for PBXProject "GBCTestingCorePlotAndSwift" */;
			compatibilityVersion = "Xcode 3.2";
			developmentRegion = English;
			hasScannedForEncodings = 0;
			knownRegions = (
				en,
				Base,
			);
			mainGroup = 6CA8F3A41ACC980D001C89DC;
			productRefGroup = 6CA8F3AE1ACC980D001C89DC /* Products */;
			projectDirPath = "";
			projectReferences = (
				{
					ProductGroup = 6CA8F3D61ACCA672001C89DC /* Products */;
					ProjectRef = 6CA8F3D51ACCA672001C89DC /* CorePlot.xcodeproj */;
				},
			);
			projectRoot = "";
			targets = (
				6CA8F3AC1ACC980D001C89DC /* GBCTestingCorePlotAndSwift */,
				6CA8F3C41ACC980D001C89DC /* GBCTestingCorePlotAndSwiftTests */,
			);
		};
/* End PBXProject section */

/* Begin PBXReferenceProxy section */
		6CA8F3E21ACCA673001C89DC /* CorePlot.framework */ = {
			isa = PBXReferenceProxy;
			fileType = wrapper.framework;
			path = CorePlot.framework;
			remoteRef = 6CA8F3E11ACCA673001C89DC /* PBXContainerItemProxy */;
			sourceTree = BUILT_PRODUCTS_DIR;
		};
		6CA8F3E41ACCA673001C89DC /* UnitTests.xctest */ = {
			isa = PBXReferenceProxy;
			fileType = wrapper.cfbundle;
			path = UnitTests.xctest;
			remoteRef = 6CA8F3E31ACCA673001C89DC /* PBXContainerItemProxy */;
			sourceTree = BUILT_PRODUCTS_DIR;
		};
		6CA8F3E61ACCA673001C89DC /* CorePlot_iOS.framework */ = {
			isa = PBXReferenceProxy;
			fileType = wrapper.framework;
			path = CorePlot_iOS.framework;
			remoteRef = 6CA8F3E51ACCA673001C89DC /* PBXContainerItemProxy */;
			sourceTree = BUILT_PRODUCTS_DIR;
		};
		6CA8F3E81ACCA673001C89DC /* CorePlot_iOSTests.xctest */ = {
			isa = PBXReferenceProxy;
			fileType = wrapper.cfbundle;
			path = CorePlot_iOSTests.xctest;
			remoteRef = 6CA8F3E71ACCA673001C89DC /* PBXContainerItemProxy */;
			sourceTree = BUILT_PRODUCTS_DIR;
		};
		6CA8F3EA1ACCA673001C89DC /* libCorePlot-CocoaTouch.a */ = {
			isa = PBXReferenceProxy;
			fileType = archive.ar;
			path = "libCorePlot-CocoaTouch.a";
			remoteRef = 6CA8F3E91ACCA673001C89DC /* PBXContainerItemProxy */;
			sourceTree = BUILT_PRODUCTS_DIR;
		};
		6CA8F3EC1ACCA673001C89DC /* CorePlot-CocoaTouchTests.xctest */ = {
			isa = PBXReferenceProxy;
			fileType = wrapper.cfbundle;
			path = "CorePlot-CocoaTouchTests.xctest";
			remoteRef = 6CA8F3EB1ACCA673001C89DC /* PBXContainerItemProxy */;
			sourceTree = BUILT_PRODUCTS_DIR;
		};
/* End PBXReferenceProxy section */

/* Begin PBXResourcesBuildPhase section */
		6CA8F3AB1ACC980D001C89DC /* Resources */ = {
			isa = PBXResourcesBuildPhase;
			buildActionMask = 2147483647;
			files = (
				6CA8F3BB1ACC980D001C89DC /* Main.storyboard in Resources */,
				6CA8F3C01ACC980D001C89DC /* LaunchScreen.xib in Resources */,
				6CA8F3BD1ACC980D001C89DC /* Images.xcassets in Resources */,
				6C0E285B1AEFBE7C0064053F /* eegModels.json in Resources */,
			);
			runOnlyForDeploymentPostprocessing = 0;
		};
		6CA8F3C31ACC980D001C89DC /* Resources */ = {
			isa = PBXResourcesBuildPhase;
			buildActionMask = 2147483647;
			files = (
			);
			runOnlyForDeploymentPostprocessing = 0;
		};
/* End PBXResourcesBuildPhase section */

/* Begin PBXSourcesBuildPhase section */
		6CA8F3A91ACC980D001C89DC /* Sources */ = {
			isa = PBXSourcesBuildPhase;
			buildActionMask = 2147483647;
			files = (
				6CA8F3B81ACC980D001C89DC /* ViewController.swift in Sources */,
				6C47F9461ADBFBDA0075C411 /* realTimeStaticPlot.swift in Sources */,
				6CA8F3B31ACC980D001C89DC /* AppDelegate.swift in Sources */,
				6CA9F5371AEF0B70004F239B /* EEGModel.swift in Sources */,
				6C47F9531ADC313A0075C411 /* PlotsViewController.swift in Sources */,
				6C6489571B0F60E300C02F16 /* EEGRealTimeStaticPlot.swift in Sources */,
				6CA8F3B61ACC980D001C89DC /* GBCTestingCorePlotAndSwift.xcdatamodeld in Sources */,
				6C47F9511ADC077E0075C411 /* realTimeStaticSubPlot.swift in Sources */,
				6C8F3FB51AD4AB37006576CF /* GBCPlot.swift in Sources */,
				6C0E285D1AEFBF140064053F /* EEGModelsManager.swift in Sources */,
			);
			runOnlyForDeploymentPostprocessing = 0;
		};
		6CA8F3C11ACC980D001C89DC /* Sources */ = {
			isa = PBXSourcesBuildPhase;
			buildActionMask = 2147483647;
			files = (
				6CA8F3CC1ACC980D001C89DC /* GBCTestingCorePlotAndSwiftTests.swift in Sources */,
			);
			runOnlyForDeploymentPostprocessing = 0;
		};
/* End PBXSourcesBuildPhase section */

/* Begin PBXTargetDependency section */
		6CA8F3C71ACC980D001C89DC /* PBXTargetDependency */ = {
			isa = PBXTargetDependency;
			target = 6CA8F3AC1ACC980D001C89DC /* GBCTestingCorePlotAndSwift */;
			targetProxy = 6CA8F3C61ACC980D001C89DC /* PBXContainerItemProxy */;
		};
/* End PBXTargetDependency section */

/* Begin PBXVariantGroup section */
		6CA8F3B91ACC980D001C89DC /* Main.storyboard */ = {
			isa = PBXVariantGroup;
			children = (
				6CA8F3BA1ACC980D001C89DC /* Base */,
			);
			name = Main.storyboard;
			sourceTree = "<group>";
		};
		6CA8F3BE1ACC980D001C89DC /* LaunchScreen.xib */ = {
			isa = PBXVariantGroup;
			children = (
				6CA8F3BF1ACC980D001C89DC /* Base */,
			);
			name = LaunchScreen.xib;
			sourceTree = "<group>";
		};
/* End PBXVariantGroup section */

/* Begin XCBuildConfiguration section */
		6CA8F3CD1ACC980D001C89DC /* Debug */ = {
			isa = XCBuildConfiguration;
			buildSettings = {
				ALWAYS_SEARCH_USER_PATHS = NO;
				CLANG_CXX_LANGUAGE_STANDARD = "gnu++0x";
				CLANG_CXX_LIBRARY = "libc++";
				CLANG_ENABLE_MODULES = YES;
				CLANG_ENABLE_OBJC_ARC = YES;
				CLANG_WARN_BOOL_CONVERSION = YES;
				CLANG_WARN_CONSTANT_CONVERSION = YES;
				CLANG_WARN_DIRECT_OBJC_ISA_USAGE = YES_ERROR;
				CLANG_WARN_EMPTY_BODY = YES;
				CLANG_WARN_ENUM_CONVERSION = YES;
				CLANG_WARN_INT_CONVERSION = YES;
				CLANG_WARN_OBJC_ROOT_CLASS = YES_ERROR;
				CLANG_WARN_UNREACHABLE_CODE = YES;
				CLANG_WARN__DUPLICATE_METHOD_MATCH = YES;
				"CODE_SIGN_IDENTITY[sdk=iphoneos*]" = "iPhone Developer";
				COPY_PHASE_STRIP = NO;
				DEBUG_INFORMATION_FORMAT = "dwarf-with-dsym";
				ENABLE_STRICT_OBJC_MSGSEND = YES;
				GCC_C_LANGUAGE_STANDARD = gnu99;
				GCC_DYNAMIC_NO_PIC = NO;
				GCC_NO_COMMON_BLOCKS = YES;
				GCC_OPTIMIZATION_LEVEL = 0;
				GCC_PREPROCESSOR_DEFINITIONS = (
					"DEBUG=1",
					"$(inherited)",
				);
				GCC_SYMBOLS_PRIVATE_EXTERN = NO;
				GCC_WARN_64_TO_32_BIT_CONVERSION = YES;
				GCC_WARN_ABOUT_RETURN_TYPE = YES_ERROR;
				GCC_WARN_UNDECLARED_SELECTOR = YES;
				GCC_WARN_UNINITIALIZED_AUTOS = YES_AGGRESSIVE;
				GCC_WARN_UNUSED_FUNCTION = YES;
				GCC_WARN_UNUSED_VARIABLE = YES;
				IPHONEOS_DEPLOYMENT_TARGET = 8.3;
				MTL_ENABLE_DEBUG_INFO = YES;
				ONLY_ACTIVE_ARCH = YES;
				SDKROOT = iphoneos;
				SWIFT_OPTIMIZATION_LEVEL = "-Onone";
				TARGETED_DEVICE_FAMILY = "1,2";
			};
			name = Debug;
		};
		6CA8F3CE1ACC980D001C89DC /* Release */ = {
			isa = XCBuildConfiguration;
			buildSettings = {
				ALWAYS_SEARCH_USER_PATHS = NO;
				CLANG_CXX_LANGUAGE_STANDARD = "gnu++0x";
				CLANG_CXX_LIBRARY = "libc++";
				CLANG_ENABLE_MODULES = YES;
				CLANG_ENABLE_OBJC_ARC = YES;
				CLANG_WARN_BOOL_CONVERSION = YES;
				CLANG_WARN_CONSTANT_CONVERSION = YES;
				CLANG_WARN_DIRECT_OBJC_ISA_USAGE = YES_ERROR;
				CLANG_WARN_EMPTY_BODY = YES;
				CLANG_WARN_ENUM_CONVERSION = YES;
				CLANG_WARN_INT_CONVERSION = YES;
				CLANG_WARN_OBJC_ROOT_CLASS = YES_ERROR;
				CLANG_WARN_UNREACHABLE_CODE = YES;
				CLANG_WARN__DUPLICATE_METHOD_MATCH = YES;
				"CODE_SIGN_IDENTITY[sdk=iphoneos*]" = "iPhone Developer";
				COPY_PHASE_STRIP = NO;
				DEBUG_INFORMATION_FORMAT = "dwarf-with-dsym";
				ENABLE_NS_ASSERTIONS = NO;
				ENABLE_STRICT_OBJC_MSGSEND = YES;
				GCC_C_LANGUAGE_STANDARD = gnu99;
				GCC_NO_COMMON_BLOCKS = YES;
				GCC_WARN_64_TO_32_BIT_CONVERSION = YES;
				GCC_WARN_ABOUT_RETURN_TYPE = YES_ERROR;
				GCC_WARN_UNDECLARED_SELECTOR = YES;
				GCC_WARN_UNINITIALIZED_AUTOS = YES_AGGRESSIVE;
				GCC_WARN_UNUSED_FUNCTION = YES;
				GCC_WARN_UNUSED_VARIABLE = YES;
				IPHONEOS_DEPLOYMENT_TARGET = 8.3;
				MTL_ENABLE_DEBUG_INFO = NO;
				SDKROOT = iphoneos;
				TARGETED_DEVICE_FAMILY = "1,2";
				VALIDATE_PRODUCT = YES;
			};
			name = Release;
		};
		6CA8F3D01ACC980D001C89DC /* Debug */ = {
			isa = XCBuildConfiguration;
			buildSettings = {
				ASSETCATALOG_COMPILER_APPICON_NAME = AppIcon;
				INFOPLIST_FILE = GBCTestingCorePlotAndSwift/Info.plist;
				LD_RUNPATH_SEARCH_PATHS = "$(inherited) @executable_path/Frameworks";
				OTHER_LDFLAGS = (
					"-ObjC",
					"-all_load",
				);
				PRODUCT_NAME = "$(TARGET_NAME)";
				SWIFT_OBJC_BRIDGING_HEADER = "/Users/appsdeveloper/Developer/iOS/TestsAndTrials/GBCTestingCorePlotAndSwift/GBCTestingCorePlotAndSwift/TestingCorePlotAndSwift-Bridging-Header.h";
				USER_HEADER_SEARCH_PATHS = "\"${SRCROOT}/../../../repos/core-plot/framework\"/**";
			};
			name = Debug;
		};
		6CA8F3D11ACC980D001C89DC /* Release */ = {
			isa = XCBuildConfiguration;
			buildSettings = {
				ASSETCATALOG_COMPILER_APPICON_NAME = AppIcon;
				INFOPLIST_FILE = GBCTestingCorePlotAndSwift/Info.plist;
				LD_RUNPATH_SEARCH_PATHS = "$(inherited) @executable_path/Frameworks";
				OTHER_LDFLAGS = (
					"-ObjC",
					"-all_load",
				);
				PRODUCT_NAME = "$(TARGET_NAME)";
				SWIFT_OBJC_BRIDGING_HEADER = "/Users/appsdeveloper/Developer/iOS/TestsAndTrials/GBCTestingCorePlotAndSwift/GBCTestingCorePlotAndSwift/TestingCorePlotAndSwift-Bridging-Header.h";
				USER_HEADER_SEARCH_PATHS = "\"${SRCROOT}/../../../repos/core-plot/framework\"/**";
			};
			name = Release;
		};
		6CA8F3D31ACC980D001C89DC /* Debug */ = {
			isa = XCBuildConfiguration;
			buildSettings = {
				BUNDLE_LOADER = "$(TEST_HOST)";
				FRAMEWORK_SEARCH_PATHS = (
					"$(SDKROOT)/Developer/Library/Frameworks",
					"$(inherited)",
				);
				GCC_PREPROCESSOR_DEFINITIONS = (
					"DEBUG=1",
					"$(inherited)",
				);
				INFOPLIST_FILE = GBCTestingCorePlotAndSwiftTests/Info.plist;
				LD_RUNPATH_SEARCH_PATHS = "$(inherited) @executable_path/Frameworks @loader_path/Frameworks";
				PRODUCT_NAME = "$(TARGET_NAME)";
				TEST_HOST = "$(BUILT_PRODUCTS_DIR)/GBCTestingCorePlotAndSwift.app/GBCTestingCorePlotAndSwift";
			};
			name = Debug;
		};
		6CA8F3D41ACC980D001C89DC /* Release */ = {
			isa = XCBuildConfiguration;
			buildSettings = {
				BUNDLE_LOADER = "$(TEST_HOST)";
				FRAMEWORK_SEARCH_PATHS = (
					"$(SDKROOT)/Developer/Library/Frameworks",
					"$(inherited)",
				);
				INFOPLIST_FILE = GBCTestingCorePlotAndSwiftTests/Info.plist;
				LD_RUNPATH_SEARCH_PATHS = "$(inherited) @executable_path/Frameworks @loader_path/Frameworks";
				PRODUCT_NAME = "$(TARGET_NAME)";
				TEST_HOST = "$(BUILT_PRODUCTS_DIR)/GBCTestingCorePlotAndSwift.app/GBCTestingCorePlotAndSwift";
			};
			name = Release;
		};
/* End XCBuildConfiguration section */

/* Begin XCConfigurationList section */
		6CA8F3A81ACC980D001C89DC /* Build configuration list for PBXProject "GBCTestingCorePlotAndSwift" */ = {
			isa = XCConfigurationList;
			buildConfigurations = (
				6CA8F3CD1ACC980D001C89DC /* Debug */,
				6CA8F3CE1ACC980D001C89DC /* Release */,
			);
			defaultConfigurationIsVisible = 0;
			defaultConfigurationName = Release;
		};
		6CA8F3CF1ACC980D001C89DC /* Build configuration list for PBXNativeTarget "GBCTestingCorePlotAndSwift" */ = {
			isa = XCConfigurationList;
			buildConfigurations = (
				6CA8F3D01ACC980D001C89DC /* Debug */,
				6CA8F3D11ACC980D001C89DC /* Release */,
			);
			defaultConfigurationIsVisible = 0;
			defaultConfigurationName = Release;
		};
		6CA8F3D21ACC980D001C89DC /* Build configuration list for PBXNativeTarget "GBCTestingCorePlotAndSwiftTests" */ = {
			isa = XCConfigurationList;
			buildConfigurations = (
				6CA8F3D31ACC980D001C89DC /* Debug */,
				6CA8F3D41ACC980D001C89DC /* Release */,
			);
			defaultConfigurationIsVisible = 0;
			defaultConfigurationName = Release;
		};
/* End XCConfigurationList section */

/* Begin XCVersionGroup section */
		6CA8F3B41ACC980D001C89DC /* GBCTestingCorePlotAndSwift.xcdatamodeld */ = {
			isa = XCVersionGroup;
			children = (
				6CA8F3B51ACC980D001C89DC /* GBCTestingCorePlotAndSwift.xcdatamodel */,
			);
			currentVersion = 6CA8F3B51ACC980D001C89DC /* GBCTestingCorePlotAndSwift.xcdatamodel */;
			path = GBCTestingCorePlotAndSwift.xcdatamodeld;
			sourceTree = "<group>";
			versionGroupType = wrapper.xcdatamodel;
		};
/* End XCVersionGroup section */
	};
	rootObject = 6CA8F3A51ACC980D001C89DC /* Project object */;
}
